// !$*UTF8*$!
{
	archiveVersion = 1;
	classes = {
	};
	objectVersion = 46;
	objects = {

/* Begin PBXBuildFile section */
		4243C55F1C47EBA40059BA85 /* AppDelegate.swift in Sources */ = {isa = PBXBuildFile; fileRef = 4243C55E1C47EBA40059BA85 /* AppDelegate.swift */; };
		4243C5611C47EBA40059BA85 /* ViewController.swift in Sources */ = {isa = PBXBuildFile; fileRef = 4243C5601C47EBA40059BA85 /* ViewController.swift */; };
		4243C5641C47EBA40059BA85 /* Main.storyboard in Resources */ = {isa = PBXBuildFile; fileRef = 4243C5621C47EBA40059BA85 /* Main.storyboard */; };
		4243C5661C47EBA40059BA85 /* Assets.xcassets in Resources */ = {isa = PBXBuildFile; fileRef = 4243C5651C47EBA40059BA85 /* Assets.xcassets */; };
		4243C5691C47EBA40059BA85 /* LaunchScreen.storyboard in Resources */ = {isa = PBXBuildFile; fileRef = 4243C5671C47EBA40059BA85 /* LaunchScreen.storyboard */; };
		4243C5741C47EBA40059BA85 /* supercoolTests.swift in Sources */ = {isa = PBXBuildFile; fileRef = 4243C5731C47EBA40059BA85 /* supercoolTests.swift */; };
		4243C57F1C47EBA40059BA85 /* supercoolUITests.swift in Sources */ = {isa = PBXBuildFile; fileRef = 4243C57E1C47EBA40059BA85 /* supercoolUITests.swift */; };
/* End PBXBuildFile section */

/* Begin PBXContainerItemProxy section */
		4243C5701C47EBA40059BA85 /* PBXContainerItemProxy */ = {
			isa = PBXContainerItemProxy;
			containerPortal = 4243C5531C47EBA40059BA85 /* Project object */;
			proxyType = 1;
			remoteGlobalIDString = 4243C55A1C47EBA40059BA85;
			remoteInfo = supercool;
		};
		4243C57B1C47EBA40059BA85 /* PBXContainerItemProxy */ = {
			isa = PBXContainerItemProxy;
			containerPortal = 4243C5531C47EBA40059BA85 /* Project object */;
			proxyType = 1;
			remoteGlobalIDString = 4243C55A1C47EBA40059BA85;
			remoteInfo = supercool;
		};
/* End PBXContainerItemProxy section */

/* Begin PBXFileReference section */
		4243C55B1C47EBA40059BA85 /* supercool.app */ = {isa = PBXFileReference; explicitFileType = wrapper.application; includeInIndex = 0; path = supercool.app; sourceTree = BUILT_PRODUCTS_DIR; };
		4243C55E1C47EBA40059BA85 /* AppDelegate.swift */ = {isa = PBXFileReference; lastKnownFileType = sourcecode.swift; path = AppDelegate.swift; sourceTree = "<group>"; };
		4243C5601C47EBA40059BA85 /* ViewController.swift */ = {isa = PBXFileReference; lastKnownFileType = sourcecode.swift; path = ViewController.swift; sourceTree = "<group>"; };
		4243C5631C47EBA40059BA85 /* Base */ = {isa = PBXFileReference; lastKnownFileType = file.storyboard; name = Base; path = Base.lproj/Main.storyboard; sourceTree = "<group>"; };
		4243C5651C47EBA40059BA85 /* Assets.xcassets */ = {isa = PBXFileReference; lastKnownFileType = folder.assetcatalog; path = Assets.xcassets; sourceTree = "<group>"; };
		4243C5681C47EBA40059BA85 /* Base */ = {isa = PBXFileReference; lastKnownFileType = file.storyboard; name = Base; path = Base.lproj/LaunchScreen.storyboard; sourceTree = "<group>"; };
		4243C56A1C47EBA40059BA85 /* Info.plist */ = {isa = PBXFileReference; lastKnownFileType = text.plist.xml; path = Info.plist; sourceTree = "<group>"; };
		4243C56F1C47EBA40059BA85 /* supercoolTests.xctest */ = {isa = PBXFileReference; explicitFileType = wrapper.cfbundle; includeInIndex = 0; path = supercoolTests.xctest; sourceTree = BUILT_PRODUCTS_DIR; };
		4243C5731C47EBA40059BA85 /* supercoolTests.swift */ = {isa = PBXFileReference; lastKnownFileType = sourcecode.swift; path = supercoolTests.swift; sourceTree = "<group>"; };
		4243C5751C47EBA40059BA85 /* Info.plist */ = {isa = PBXFileReference; lastKnownFileType = text.plist.xml; path = Info.plist; sourceTree = "<group>"; };
		4243C57A1C47EBA40059BA85 /* supercoolUITests.xctest */ = {isa = PBXFileReference; explicitFileType = wrapper.cfbundle; includeInIndex = 0; path = supercoolUITests.xctest; sourceTree = BUILT_PRODUCTS_DIR; };
		4243C57E1C47EBA40059BA85 /* supercoolUITests.swift */ = {isa = PBXFileReference; lastKnownFileType = sourcecode.swift; path = supercoolUITests.swift; sourceTree = "<group>"; };
		4243C5801C47EBA40059BA85 /* Info.plist */ = {isa = PBXFileReference; lastKnownFileType = text.plist.xml; path = Info.plist; sourceTree = "<group>"; };
/* End PBXFileReference section */

/* Begin PBXFrameworksBuildPhase section */
		4243C5581C47EBA40059BA85 /* Frameworks */ = {
			isa = PBXFrameworksBuildPhase;
			buildActionMask = 2147483647;
			files = (
			);
			runOnlyForDeploymentPostprocessing = 0;
		};
		4243C56C1C47EBA40059BA85 /* Frameworks */ = {
			isa = PBXFrameworksBuildPhase;
			buildActionMask = 2147483647;
			files = (
			);
			runOnlyForDeploymentPostprocessing = 0;
		};
		4243C5771C47EBA40059BA85 /* Frameworks */ = {
			isa = PBXFrameworksBuildPhase;
			buildActionMask = 2147483647;
			files = (
			);
			runOnlyForDeploymentPostprocessing = 0;
		};
/* End PBXFrameworksBuildPhase section */

/* Begin PBXGroup section */
		4243C5521C47EBA40059BA85 = {
			isa = PBXGroup;
			children = (
				4243C55D1C47EBA40059BA85 /* supercool */,
				4243C5721C47EBA40059BA85 /* supercoolTests */,
				4243C57D1C47EBA40059BA85 /* supercoolUITests */,
				4243C55C1C47EBA40059BA85 /* Products */,
			);
			sourceTree = "<group>";
		};
		4243C55C1C47EBA40059BA85 /* Products */ = {
			isa = PBXGroup;
			children = (
				4243C55B1C47EBA40059BA85 /* supercool.app */,
				4243C56F1C47EBA40059BA85 /* supercoolTests.xctest */,
				4243C57A1C47EBA40059BA85 /* supercoolUITests.xctest */,
			);
			name = Products;
			sourceTree = "<group>";
		};
		4243C55D1C47EBA40059BA85 /* supercool */ = {
			isa = PBXGroup;
			children = (
				4243C55E1C47EBA40059BA85 /* AppDelegate.swift */,
				4243C5601C47EBA40059BA85 /* ViewController.swift */,
				4243C5621C47EBA40059BA85 /* Main.storyboard */,
				4243C5651C47EBA40059BA85 /* Assets.xcassets */,
				4243C5671C47EBA40059BA85 /* LaunchScreen.storyboard */,
				4243C56A1C47EBA40059BA85 /* Info.plist */,
			);
			path = supercool;
			sourceTree = "<group>";
		};
		4243C5721C47EBA40059BA85 /* supercoolTests */ = {
			isa = PBXGroup;
			children = (
				4243C5731C47EBA40059BA85 /* supercoolTests.swift */,
				4243C5751C47EBA40059BA85 /* Info.plist */,
			);
			path = supercoolTests;
			sourceTree = "<group>";
		};
		4243C57D1C47EBA40059BA85 /* supercoolUITests */ = {
			isa = PBXGroup;
			children = (
				4243C57E1C47EBA40059BA85 /* supercoolUITests.swift */,
				4243C5801C47EBA40059BA85 /* Info.plist */,
			);
			path = supercoolUITests;
			sourceTree = "<group>";
		};
/* End PBXGroup section */

/* Begin PBXNativeTarget section */
		4243C55A1C47EBA40059BA85 /* supercool */ = {
			isa = PBXNativeTarget;
			buildConfigurationList = 4243C5831C47EBA40059BA85 /* Build configuration list for PBXNativeTarget "supercool" */;
			buildPhases = (
				4243C5571C47EBA40059BA85 /* Sources */,
				4243C5581C47EBA40059BA85 /* Frameworks */,
				4243C5591C47EBA40059BA85 /* Resources */,
			);
			buildRules = (
			);
			dependencies = (
			);
			name = supercool;
			productName = supercool;
			productReference = 4243C55B1C47EBA40059BA85 /* supercool.app */;
			productType = "com.apple.product-type.application";
		};
		4243C56E1C47EBA40059BA85 /* supercoolTests */ = {
			isa = PBXNativeTarget;
			buildConfigurationList = 4243C5861C47EBA40059BA85 /* Build configuration list for PBXNativeTarget "supercoolTests" */;
			buildPhases = (
				4243C56B1C47EBA40059BA85 /* Sources */,
				4243C56C1C47EBA40059BA85 /* Frameworks */,
				4243C56D1C47EBA40059BA85 /* Resources */,
			);
			buildRules = (
			);
			dependencies = (
				4243C5711C47EBA40059BA85 /* PBXTargetDependency */,
			);
			name = supercoolTests;
			productName = supercoolTests;
			productReference = 4243C56F1C47EBA40059BA85 /* supercoolTests.xctest */;
			productType = "com.apple.product-type.bundle.unit-test";
		};
		4243C5791C47EBA40059BA85 /* supercoolUITests */ = {
			isa = PBXNativeTarget;
			buildConfigurationList = 4243C5891C47EBA40059BA85 /* Build configuration list for PBXNativeTarget "supercoolUITests" */;
			buildPhases = (
				4243C5761C47EBA40059BA85 /* Sources */,
				4243C5771C47EBA40059BA85 /* Frameworks */,
				4243C5781C47EBA40059BA85 /* Resources */,
			);
			buildRules = (
			);
			dependencies = (
				4243C57C1C47EBA40059BA85 /* PBXTargetDependency */,
			);
			name = supercoolUITests;
			productName = supercoolUITests;
			productReference = 4243C57A1C47EBA40059BA85 /* supercoolUITests.xctest */;
			productType = "com.apple.product-type.bundle.ui-testing";
		};
/* End PBXNativeTarget section */

/* Begin PBXProject section */
		4243C5531C47EBA40059BA85 /* Project object */ = {
			isa = PBXProject;
			attributes = {
				LastSwiftUpdateCheck = 0720;
				LastUpgradeCheck = 0720;
				ORGANIZATIONNAME = brandon;
				TargetAttributes = {
					4243C55A1C47EBA40059BA85 = {
						CreatedOnToolsVersion = 7.2;
					};
					4243C56E1C47EBA40059BA85 = {
						CreatedOnToolsVersion = 7.2;
						TestTargetID = 4243C55A1C47EBA40059BA85;
					};
					4243C5791C47EBA40059BA85 = {
						CreatedOnToolsVersion = 7.2;
						TestTargetID = 4243C55A1C47EBA40059BA85;
					};
				};
			};
			buildConfigurationList = 4243C5561C47EBA40059BA85 /* Build configuration list for PBXProject "supercool" */;
			compatibilityVersion = "Xcode 3.2";
			developmentRegion = English;
			hasScannedForEncodings = 0;
			knownRegions = (
				en,
				Base,
			);
			mainGroup = 4243C5521C47EBA40059BA85;
			productRefGroup = 4243C55C1C47EBA40059BA85 /* Products */;
			projectDirPath = "";
			projectRoot = "";
			targets = (
				4243C55A1C47EBA40059BA85 /* supercool */,
				4243C56E1C47EBA40059BA85 /* supercoolTests */,
				4243C5791C47EBA40059BA85 /* supercoolUITests */,
			);
		};
/* End PBXProject section */

/* Begin PBXResourcesBuildPhase section */
		4243C5591C47EBA40059BA85 /* Resources */ = {
			isa = PBXResourcesBuildPhase;
			buildActionMask = 2147483647;
			files = (
				4243C5691C47EBA40059BA85 /* LaunchScreen.storyboard in Resources */,
				4243C5661C47EBA40059BA85 /* Assets.xcassets in Resources */,
				4243C5641C47EBA40059BA85 /* Main.storyboard in Resources */,
			);
			runOnlyForDeploymentPostprocessing = 0;
		};
		4243C56D1C47EBA40059BA85 /* Resources */ = {
			isa = PBXResourcesBuildPhase;
			buildActionMask = 2147483647;
			files = (
			);
			runOnlyForDeploymentPostprocessing = 0;
		};
		4243C5781C47EBA40059BA85 /* Resources */ = {
			isa = PBXResourcesBuildPhase;
			buildActionMask = 2147483647;
			files = (
			);
			runOnlyForDeploymentPostprocessing = 0;
		};
/* End PBXResourcesBuildPhase section */

/* Begin PBXSourcesBuildPhase section */
		4243C5571C47EBA40059BA85 /* Sources */ = {
			isa = PBXSourcesBuildPhase;
			buildActionMask = 2147483647;
			files = (
				4243C5611C47EBA40059BA85 /* ViewController.swift in Sources */,
				4243C55F1C47EBA40059BA85 /* AppDelegate.swift in Sources */,
			);
			runOnlyForDeploymentPostprocessing = 0;
		};
		4243C56B1C47EBA40059BA85 /* Sources */ = {
			isa = PBXSourcesBuildPhase;
			buildActionMask = 2147483647;
			files = (
				4243C5741C47EBA40059BA85 /* supercoolTests.swift in Sources */,
			);
			runOnlyForDeploymentPostprocessing = 0;
		};
		4243C5761C47EBA40059BA85 /* Sources */ = {
			isa = PBXSourcesBuildPhase;
			buildActionMask = 2147483647;
			files = (
				4243C57F1C47EBA40059BA85 /* supercoolUITests.swift in Sources */,
			);
			runOnlyForDeploymentPostprocessing = 0;
		};
/* End PBXSourcesBuildPhase section */

/* Begin PBXTargetDependency section */
		4243C5711C47EBA40059BA85 /* PBXTargetDependency */ = {
			isa = PBXTargetDependency;
			target = 4243C55A1C47EBA40059BA85 /* supercool */;
			targetProxy = 4243C5701C47EBA40059BA85 /* PBXContainerItemProxy */;
		};
		4243C57C1C47EBA40059BA85 /* PBXTargetDependency */ = {
			isa = PBXTargetDependency;
			target = 4243C55A1C47EBA40059BA85 /* supercool */;
			targetProxy = 4243C57B1C47EBA40059BA85 /* PBXContainerItemProxy */;
		};
/* End PBXTargetDependency section */

/* Begin PBXVariantGroup section */
		4243C5621C47EBA40059BA85 /* Main.storyboard */ = {
			isa = PBXVariantGroup;
			children = (
				4243C5631C47EBA40059BA85 /* Base */,
			);
			name = Main.storyboard;
			sourceTree = "<group>";
		};
		4243C5671C47EBA40059BA85 /* LaunchScreen.storyboard */ = {
			isa = PBXVariantGroup;
			children = (
				4243C5681C47EBA40059BA85 /* Base */,
			);
			name = LaunchScreen.storyboard;
			sourceTree = "<group>";
		};
/* End PBXVariantGroup section */

/* Begin XCBuildConfiguration section */
		4243C5811C47EBA40059BA85 /* Debug */ = {
			isa = XCBuildConfiguration;
			buildSettings = {
				ALWAYS_SEARCH_USER_PATHS = NO;
				CLANG_CXX_LANGUAGE_STANDARD = "gnu++0x";
				CLANG_CXX_LIBRARY = "libc++";
				CLANG_ENABLE_MODULES = YES;
				CLANG_ENABLE_OBJC_ARC = YES;
				CLANG_WARN_BOOL_CONVERSION = YES;
				CLANG_WARN_CONSTANT_CONVERSION = YES;
				CLANG_WARN_DIRECT_OBJC_ISA_USAGE = YES_ERROR;
				CLANG_WARN_EMPTY_BODY = YES;
				CLANG_WARN_ENUM_CONVERSION = YES;
				CLANG_WARN_INT_CONVERSION = YES;
				CLANG_WARN_OBJC_ROOT_CLASS = YES_ERROR;
				CLANG_WARN_UNREACHABLE_CODE = YES;
				CLANG_WARN__DUPLICATE_METHOD_MATCH = YES;
				"CODE_SIGN_IDENTITY[sdk=iphoneos*]" = "iPhone Developer";
				COPY_PHASE_STRIP = NO;
				DEBUG_INFORMATION_FORMAT = dwarf;
				ENABLE_STRICT_OBJC_MSGSEND = YES;
				ENABLE_TESTABILITY = YES;
				GCC_C_LANGUAGE_STANDARD = gnu99;
				GCC_DYNAMIC_NO_PIC = NO;
				GCC_NO_COMMON_BLOCKS = YES;
				GCC_OPTIMIZATION_LEVEL = 0;
				GCC_PREPROCESSOR_DEFINITIONS = (
					"DEBUG=1",
					"$(inherited)",
				);
				GCC_WARN_64_TO_32_BIT_CONVERSION = YES;
				GCC_WARN_ABOUT_RETURN_TYPE = YES_ERROR;
				GCC_WARN_UNDECLARED_SELECTOR = YES;
				GCC_WARN_UNINITIALIZED_AUTOS = YES_AGGRESSIVE;
				GCC_WARN_UNUSED_FUNCTION = YES;
				GCC_WARN_UNUSED_VARIABLE = YES;
				IPHONEOS_DEPLOYMENT_TARGET = 9.2;
				MTL_ENABLE_DEBUG_INFO = YES;
				ONLY_ACTIVE_ARCH = YES;
				SDKROOT = iphoneos;
				SWIFT_OPTIMIZATION_LEVEL = "-Onone";
			};
			name = Debug;
		};
		4243C5821C47EBA40059BA85 /* Release */ = {
			isa = XCBuildConfiguration;
			buildSettings = {
				ALWAYS_SEARCH_USER_PATHS = NO;
				CLANG_CXX_LANGUAGE_STANDARD = "gnu++0x";
				CLANG_CXX_LIBRARY = "libc++";
				CLANG_ENABLE_MODULES = YES;
				CLANG_ENABLE_OBJC_ARC = YES;
				CLANG_WARN_BOOL_CONVERSION = YES;
				CLANG_WARN_CONSTANT_CONVERSION = YES;
				CLANG_WARN_DIRECT_OBJC_ISA_USAGE = YES_ERROR;
				CLANG_WARN_EMPTY_BODY = YES;
				CLANG_WARN_ENUM_CONVERSION = YES;
				CLANG_WARN_INT_CONVERSION = YES;
				CLANG_WARN_OBJC_ROOT_CLASS = YES_ERROR;
				CLANG_WARN_UNREACHABLE_CODE = YES;
				CLANG_WARN__DUPLICATE_METHOD_MATCH = YES;
				"CODE_SIGN_IDENTITY[sdk=iphoneos*]" = "iPhone Developer";
				COPY_PHASE_STRIP = NO;
				DEBUG_INFORMATION_FORMAT = "dwarf-with-dsym";
				ENABLE_NS_ASSERTIONS = NO;
				ENABLE_STRICT_OBJC_MSGSEND = YES;
				GCC_C_LANGUAGE_STANDARD = gnu99;
				GCC_NO_COMMON_BLOCKS = YES;
				GCC_WARN_64_TO_32_BIT_CONVERSION = YES;
				GCC_WARN_ABOUT_RETURN_TYPE = YES_ERROR;
				GCC_WARN_UNDECLARED_SELECTOR = YES;
				GCC_WARN_UNINITIALIZED_AUTOS = YES_AGGRESSIVE;
				GCC_WARN_UNUSED_FUNCTION = YES;
				GCC_WARN_UNUSED_VARIABLE = YES;
				IPHONEOS_DEPLOYMENT_TARGET = 9.2;
				MTL_ENABLE_DEBUG_INFO = NO;
				SDKROOT = iphoneos;
				VALIDATE_PRODUCT = YES;
			};
			name = Release;
		};
		4243C5841C47EBA40059BA85 /* Debug */ = {
			isa = XCBuildConfiguration;
			buildSettings = {
				ASSETCATALOG_COMPILER_APPICON_NAME = AppIcon;
				INFOPLIST_FILE = supercool/Info.plist;
				LD_RUNPATH_SEARCH_PATHS = "$(inherited) @executable_path/Frameworks";
				PRODUCT_BUNDLE_IDENTIFIER = com.brandon.supercool;
				PRODUCT_NAME = "$(TARGET_NAME)";
			};
			name = Debug;
		};
		4243C5851C47EBA40059BA85 /* Release */ = {
			isa = XCBuildConfiguration;
			buildSettings = {
				ASSETCATALOG_COMPILER_APPICON_NAME = AppIcon;
				INFOPLIST_FILE = supercool/Info.plist;
				LD_RUNPATH_SEARCH_PATHS = "$(inherited) @executable_path/Frameworks";
				PRODUCT_BUNDLE_IDENTIFIER = com.brandon.supercool;
				PRODUCT_NAME = "$(TARGET_NAME)";
			};
			name = Release;
		};
		4243C5871C47EBA40059BA85 /* Debug */ = {
			isa = XCBuildConfiguration;
			buildSettings = {
				BUNDLE_LOADER = "$(TEST_HOST)";
				INFOPLIST_FILE = supercoolTests/Info.plist;
				LD_RUNPATH_SEARCH_PATHS = "$(inherited) @executable_path/Frameworks @loader_path/Frameworks";
				PRODUCT_BUNDLE_IDENTIFIER = com.brandon.supercoolTests;
				PRODUCT_NAME = "$(TARGET_NAME)";
				TEST_HOST = "$(BUILT_PRODUCTS_DIR)/supercool.app/supercool";
			};
			name = Debug;
		};
		4243C5881C47EBA40059BA85 /* Release */ = {
			isa = XCBuildConfiguration;
			buildSettings = {
				BUNDLE_LOADER = "$(TEST_HOST)";
				INFOPLIST_FILE = supercoolTests/Info.plist;
				LD_RUNPATH_SEARCH_PATHS = "$(inherited) @executable_path/Frameworks @loader_path/Frameworks";
				PRODUCT_BUNDLE_IDENTIFIER = com.brandon.supercoolTests;
				PRODUCT_NAME = "$(TARGET_NAME)";
				TEST_HOST = "$(BUILT_PRODUCTS_DIR)/supercool.app/supercool";
			};
			name = Release;
		};
		4243C58A1C47EBA40059BA85 /* Debug */ = {
			isa = XCBuildConfiguration;
			buildSettings = {
				INFOPLIST_FILE = supercoolUITests/Info.plist;
				LD_RUNPATH_SEARCH_PATHS = "$(inherited) @executable_path/Frameworks @loader_path/Frameworks";
				PRODUCT_BUNDLE_IDENTIFIER = com.brandon.supercoolUITests;
				PRODUCT_NAME = "$(TARGET_NAME)";
				TEST_TARGET_NAME = supercool;
				USES_XCTRUNNER = YES;
			};
			name = Debug;
		};
		4243C58B1C47EBA40059BA85 /* Release */ = {
			isa = XCBuildConfiguration;
			buildSettings = {
				INFOPLIST_FILE = supercoolUITests/Info.plist;
				LD_RUNPATH_SEARCH_PATHS = "$(inherited) @executable_path/Frameworks @loader_path/Frameworks";
				PRODUCT_BUNDLE_IDENTIFIER = com.brandon.supercoolUITests;
				PRODUCT_NAME = "$(TARGET_NAME)";
				TEST_TARGET_NAME = supercool;
				USES_XCTRUNNER = YES;
			};
			name = Release;
		};
/* End XCBuildConfiguration section */

/* Begin XCConfigurationList section */
		4243C5561C47EBA40059BA85 /* Build configuration list for PBXProject "supercool" */ = {
			isa = XCConfigurationList;
			buildConfigurations = (
				4243C5811C47EBA40059BA85 /* Debug */,
				4243C5821C47EBA40059BA85 /* Release */,
			);
			defaultConfigurationIsVisible = 0;
			defaultConfigurationName = Release;
		};
		4243C5831C47EBA40059BA85 /* Build configuration list for PBXNativeTarget "supercool" */ = {
			isa = XCConfigurationList;
			buildConfigurations = (
				4243C5841C47EBA40059BA85 /* Debug */,
				4243C5851C47EBA40059BA85 /* Release */,
			);
			defaultConfigurationIsVisible = 0;
		};
		4243C5861C47EBA40059BA85 /* Build configuration list for PBXNativeTarget "supercoolTests" */ = {
			isa = XCConfigurationList;
			buildConfigurations = (
				4243C5871C47EBA40059BA85 /* Debug */,
				4243C5881C47EBA40059BA85 /* Release */,
			);
			defaultConfigurationIsVisible = 0;
		};
		4243C5891C47EBA40059BA85 /* Build configuration list for PBXNativeTarget "supercoolUITests" */ = {
			isa = XCConfigurationList;
			buildConfigurations = (
				4243C58A1C47EBA40059BA85 /* Debug */,
				4243C58B1C47EBA40059BA85 /* Release */,
			);
			defaultConfigurationIsVisible = 0;
		};
/* End XCConfigurationList section */
	};
	rootObject = 4243C5531C47EBA40059BA85 /* Project object */;
}
